// !$*UTF8*$!
{
	archiveVersion = 1;
	classes = {
	};
	objectVersion = 56;
	objects = {

/* Begin PBXBuildFile section */
		A10000000000000000000001 /* ArrowHeadApp.swift in Sources */ = {isa = PBXBuildFile; fileRef = A20000000000000000000001 /* ArrowHeadApp.swift */; };
		A10000000000000000000002 /* ContentView.swift in Sources */ = {isa = PBXBuildFile; fileRef = A20000000000000000000002 /* ContentView.swift */; };
		A10000000000000000000003 /* CameraModels.swift in Sources */ = {isa = PBXBuildFile; fileRef = A20000000000000000000003 /* CameraModels.swift */; };
		A10000000000000000000004 /* CameraService.swift in Sources */ = {isa = PBXBuildFile; fileRef = A20000000000000000000004 /* CameraService.swift */; };
		A10000000000000000000005 /* CameraPreview.swift in Sources */ = {isa = PBXBuildFile; fileRef = A20000000000000000000005 /* CameraPreview.swift */; };
		A10000000000000000000006 /* MarkerOverlay.swift in Sources */ = {isa = PBXBuildFile; fileRef = A20000000000000000000006 /* MarkerOverlay.swift */; };
		A10000000000000000000007 /* ImageProcessor.swift in Sources */ = {isa = PBXBuildFile; fileRef = A20000000000000000000007 /* ImageProcessor.swift */; };
		A10000000000000000000008 /* PhotoLibrarySaver.swift in Sources */ = {isa = PBXBuildFile; fileRef = A20000000000000000000008 /* PhotoLibrarySaver.swift */; };
		A1000000000000000000000B /* SpeechInputService.swift in Sources */ = {isa = PBXBuildFile; fileRef = A2000000000000000000000B /* SpeechInputService.swift */; };
		A1000000000000000000000C /* Assets.xcassets in Resources */ = {isa = PBXBuildFile; fileRef = A2000000000000000000000C /* Assets.xcassets */; };
		D10000000000000000000001 /* AboutView.swift in Sources */ = {isa = PBXBuildFile; fileRef = D20000000000000000000001 /* AboutView.swift */; };
		D10000000000000000000002 /* PrivacyInfo.xcprivacy in Resources */ = {isa = PBXBuildFile; fileRef = D20000000000000000000002 /* PrivacyInfo.xcprivacy */; };
/* End PBXBuildFile section */

/* Begin PBXFileReference section */
		A20000000000000000000001 /* ArrowHeadApp.swift */ = {isa = PBXFileReference; lastKnownFileType = sourcecode.swift; path = ArrowHeadApp.swift; sourceTree = "<group>"; };
		A20000000000000000000002 /* ContentView.swift */ = {isa = PBXFileReference; lastKnownFileType = sourcecode.swift; path = ContentView.swift; sourceTree = "<group>"; };
		A20000000000000000000003 /* CameraModels.swift */ = {isa = PBXFileReference; lastKnownFileType = sourcecode.swift; path = CameraModels.swift; sourceTree = "<group>"; };
		A20000000000000000000004 /* CameraService.swift */ = {isa = PBXFileReference; lastKnownFileType = sourcecode.swift; path = CameraService.swift; sourceTree = "<group>"; };
		A20000000000000000000005 /* CameraPreview.swift */ = {isa = PBXFileReference; lastKnownFileType = sourcecode.swift; path = CameraPreview.swift; sourceTree = "<group>"; };
		A20000000000000000000006 /* MarkerOverlay.swift */ = {isa = PBXFileReference; lastKnownFileType = sourcecode.swift; path = MarkerOverlay.swift; sourceTree = "<group>"; };
		A20000000000000000000007 /* ImageProcessor.swift */ = {isa = PBXFileReference; lastKnownFileType = sourcecode.swift; path = ImageProcessor.swift; sourceTree = "<group>"; };
		A20000000000000000000008 /* PhotoLibrarySaver.swift */ = {isa = PBXFileReference; lastKnownFileType = sourcecode.swift; path = PhotoLibrarySaver.swift; sourceTree = "<group>"; };
		A20000000000000000000009 /* Info.plist */ = {isa = PBXFileReference; lastKnownFileType = text.plist.xml; path = Info.plist; sourceTree = "<group>"; };
		A2000000000000000000000A /* ArrowHead.app */ = {isa = PBXFileReference; explicitFileType = wrapper.application; includeInIndex = 0; path = ArrowHead.app; sourceTree = BUILT_PRODUCTS_DIR; };
		A2000000000000000000000B /* SpeechInputService.swift */ = {isa = PBXFileReference; lastKnownFileType = sourcecode.swift; path = SpeechInputService.swift; sourceTree = "<group>"; };
		A2000000000000000000000C /* Assets.xcassets */ = {isa = PBXFileReference; lastKnownFileType = folder.assetcatalog; path = Assets.xcassets; sourceTree = "<group>"; };
		D20000000000000000000001 /* AboutView.swift */ = {isa = PBXFileReference; lastKnownFileType = sourcecode.swift; path = AboutView.swift; sourceTree = "<group>"; };
		D20000000000000000000002 /* PrivacyInfo.xcprivacy */ = {isa = PBXFileReference; lastKnownFileType = text.xml; path = PrivacyInfo.xcprivacy; sourceTree = "<group>"; };
/* End PBXFileReference section */

/* Begin PBXFrameworksBuildPhase section */
		A30000000000000000000001 /* Frameworks */ = {
			isa = PBXFrameworksBuildPhase;
			buildActionMask = 2147483647;
			files = (
			);
			runOnlyForDeploymentPostprocessing = 0;
		};
/* End PBXFrameworksBuildPhase section */

/* Begin PBXGroup section */
		A40000000000000000000001 = {
			isa = PBXGroup;
			children = (
				A40000000000000000000002 /* ArrowHead */,
				A40000000000000000000003 /* Products */,
			);
			sourceTree = "<group>";
		};
		A40000000000000000000002 /* ArrowHead */ = {
			isa = PBXGroup;
			children = (
				A20000000000000000000001 /* ArrowHeadApp.swift */,
				A20000000000000000000002 /* ContentView.swift */,
				D20000000000000000000001 /* AboutView.swift */,
				A20000000000000000000003 /* CameraModels.swift */,
				A20000000000000000000004 /* CameraService.swift */,
				A20000000000000000000005 /* CameraPreview.swift */,
				A20000000000000000000006 /* MarkerOverlay.swift */,
				A20000000000000000000007 /* ImageProcessor.swift */,
				A20000000000000000000008 /* PhotoLibrarySaver.swift */,
				A2000000000000000000000B /* SpeechInputService.swift */,
				A2000000000000000000000C /* Assets.xcassets */,
				D20000000000000000000002 /* PrivacyInfo.xcprivacy */,
				A20000000000000000000009 /* Info.plist */,
			);
			path = ArrowHead;
			sourceTree = "<group>";
		};
		A40000000000000000000003 /* Products */ = {
			isa = PBXGroup;
			children = (
				A2000000000000000000000A /* ArrowHead.app */,
			);
			name = Products;
			sourceTree = "<group>";
		};
/* End PBXGroup section */

/* Begin PBXNativeTarget section */
		A50000000000000000000001 /* ArrowHead */ = {
			isa = PBXNativeTarget;
			buildConfigurationList = A60000000000000000000001 /* Build configuration list for PBXNativeTarget "ArrowHead" */;
			buildPhases = (
				A30000000000000000000002 /* Sources */,
				A30000000000000000000001 /* Frameworks */,
				A30000000000000000000003 /* Resources */,
			);
			buildRules = (
			);
			dependencies = (
			);
			name = ArrowHead;
			productName = ArrowHead;
			productReference = A2000000000000000000000A /* ArrowHead.app */;
			productType = "com.apple.product-type.application";
		};
/* End PBXNativeTarget section */

/* Begin PBXProject section */
		A70000000000000000000001 /* Project object */ = {
			isa = PBXProject;
			attributes = {
				BuildIndependentTargetsInParallel = 1;
				LastSwiftUpdateCheck = 1600;
				LastUpgradeCheck = 1600;
				TargetAttributes = {
					A50000000000000000000001 = {
						CreatedOnToolsVersion = 16.0;
					};
				};
			};
			buildConfigurationList = A60000000000000000000002 /* Build configuration list for PBXProject "ArrowHead" */;
			compatibilityVersion = "Xcode 14.0";
			developmentRegion = en;
			hasScannedForEncodings = 0;
			knownRegions = (
				en,
				Base,
			);
			mainGroup = A40000000000000000000001;
			productRefGroup = A40000000000000000000003 /* Products */;
			projectDirPath = "";
			projectRoot = "";
			targets = (
				A50000000000000000000001 /* ArrowHead */,
			);
		};
/* End PBXProject section */

/* Begin PBXResourcesBuildPhase section */
		A30000000000000000000003 /* Resources */ = {
			isa = PBXResourcesBuildPhase;
			buildActionMask = 2147483647;
			files = (
				A1000000000000000000000C /* Assets.xcassets in Resources */,
				D10000000000000000000002 /* PrivacyInfo.xcprivacy in Resources */,
			);
			runOnlyForDeploymentPostprocessing = 0;
		};
/* End PBXResourcesBuildPhase section */

/* Begin PBXSourcesBuildPhase section */
		A30000000000000000000002 /* Sources */ = {
			isa = PBXSourcesBuildPhase;
			buildActionMask = 2147483647;
			files = (
				A10000000000000000000001 /* ArrowHeadApp.swift in Sources */,
				A10000000000000000000002 /* ContentView.swift in Sources */,
				D10000000000000000000001 /* AboutView.swift in Sources */,
				A10000000000000000000003 /* CameraModels.swift in Sources */,
				A10000000000000000000004 /* CameraService.swift in Sources */,
				A10000000000000000000005 /* CameraPreview.swift in Sources */,
				A10000000000000000000006 /* MarkerOverlay.swift in Sources */,
				A10000000000000000000007 /* ImageProcessor.swift in Sources */,
				A10000000000000000000008 /* PhotoLibrarySaver.swift in Sources */,
				A1000000000000000000000B /* SpeechInputService.swift in Sources */,
			);
			runOnlyForDeploymentPostprocessing = 0;
		};
/* End PBXSourcesBuildPhase section */

/* Begin XCBuildConfiguration section */
		A80000000000000000000001 /* Debug */ = {
			isa = XCBuildConfiguration;
			buildSettings = {
				ALWAYS_SEARCH_USER_PATHS = NO;
				CLANG_ENABLE_MODULES = YES;
				CLANG_ENABLE_OBJC_ARC = YES;
				IPHONEOS_DEPLOYMENT_TARGET = 17.0;
				SDKROOT = iphoneos;
				SWIFT_VERSION = 5.0;
			};
			name = Debug;
		};
		A80000000000000000000002 /* Release */ = {
			isa = XCBuildConfiguration;
			buildSettings = {
				ALWAYS_SEARCH_USER_PATHS = NO;
				CLANG_ENABLE_MODULES = YES;
				CLANG_ENABLE_OBJC_ARC = YES;
				IPHONEOS_DEPLOYMENT_TARGET = 17.0;
				SDKROOT = iphoneos;
				SWIFT_COMPILATION_MODE = wholemodule;
				SWIFT_VERSION = 5.0;
			};
			name = Release;
		};
		A80000000000000000000003 /* Debug */ = {
			isa = XCBuildConfiguration;
			buildSettings = {
				ASSETCATALOG_COMPILER_APPICON_NAME = AppIcon;
				CODE_SIGN_STYLE = Automatic;
				CURRENT_PROJECT_VERSION = 2;
				DEVELOPMENT_TEAM = 789L7KZ53C;
				GENERATE_INFOPLIST_FILE = NO;
				INFOPLIST_FILE = ArrowHead/Info.plist;
				IPHONEOS_DEPLOYMENT_TARGET = 17.0;
				MARKETING_VERSION = 1.0;
				PRODUCT_BUNDLE_IDENTIFIER = com.inspector.arrowhead;
				PRODUCT_NAME = "$(TARGET_NAME)";
				SUPPORTED_PLATFORMS = "iphoneos iphonesimulator";
				SUPPORTS_MACCATALYST = NO;
				SWIFT_EMIT_LOC_STRINGS = YES;
				SWIFT_VERSION = 5.0;
				TARGETED_DEVICE_FAMILY = 1;
			};
			name = Debug;
		};
		A80000000000000000000004 /* Release */ = {
			isa = XCBuildConfiguration;
			buildSettings = {
				ASSETCATALOG_COMPILER_APPICON_NAME = AppIcon;
				CODE_SIGN_STYLE = Automatic;
				CURRENT_PROJECT_VERSION = 2;
				DEVELOPMENT_TEAM = 789L7KZ53C;
				GENERATE_INFOPLIST_FILE = NO;
				INFOPLIST_FILE = ArrowHead/Info.plist;
				IPHONEOS_DEPLOYMENT_TARGET = 17.0;
				MARKETING_VERSION = 1.0;
				PRODUCT_BUNDLE_IDENTIFIER = com.inspector.arrowhead;
				PRODUCT_NAME = "$(TARGET_NAME)";
				SUPPORTED_PLATFORMS = "iphoneos iphonesimulator";
				SUPPORTS_MACCATALYST = NO;
				SWIFT_EMIT_LOC_STRINGS = YES;
				SWIFT_VERSION = 5.0;
				TARGETED_DEVICE_FAMILY = 1;
			};
			name = Release;
		};
/* End XCBuildConfiguration section */

/* Begin XCConfigurationList section */
		A60000000000000000000001 /* Build configuration list for PBXNativeTarget "ArrowHead" */ = {
			isa = XCConfigurationList;
			buildConfigurations = (
				A80000000000000000000003 /* Debug */,
				A80000000000000000000004 /* Release */,
			);
			defaultConfigurationIsVisible = 0;
			defaultConfigurationName = Release;
		};
		A60000000000000000000002 /* Build configuration list for PBXProject "ArrowHead" */ = {
			isa = XCConfigurationList;
			buildConfigurations = (
				A80000000000000000000001 /* Debug */,
				A80000000000000000000002 /* Release */,
			);
			defaultConfigurationIsVisible = 0;
			defaultConfigurationName = Release;
		};
/* End XCConfigurationList section */
	};
	rootObject = A70000000000000000000001 /* Project object */;
}
